dependencies:
- condition: ""
  enabled: false
  import-values: null
  name: mongodb
  repository: https://kubernetes-charts.storage.googleapis.com
  tags: null
  version: 0.4.11
digest: sha256:93fb4725575d70e8e2c46bc34afa785d20865d262c6c88f7de202a09ab30a7bd
generated: 2017-06-15T13:42:17.283620111-04:00
