dependencies:
- alias: ""
  condition: ""
  enabled: false
  import-values: null
  name: mongodb
  repository: https://kubernetes-charts.storage.googleapis.com
  tags: null
  version: 0.4.11
digest: sha256:1043b6157b4d92a1b9856d2ea23716d97495a0b857d28e31f4722c1395da8a08
generated: 2017-07-12T16:32:50.623451981-04:00
