dependencies:
- name: maintenance
  repository: https://centerforopenscience.github.io/helm-charts/
  version: 0.2.0
- name: postgresql
  repository: https://centerforopenscience.github.io/helm-charts/
  version: 0.11.1
digest: sha256:1954603e9d2ecfdd0c91d6e593aa4c70028b07f3672f86aa675979083fcd05b9
generated: 2023-01-24T17:12:21.536895-05:00
