dependencies:
- name: elasticsearch
  repository: https://centerforopenscience.github.io/helm-charts/
  version: 0.5.3
- name: kibana
  repository: https://centerforopenscience.github.io/helm-charts/
  version: 0.2.1
digest: sha256:2d69961a40957fc19a41ea7ddc73dff617b1647fb33d151e728e5b1601fe8d6d
generated: 2023-01-24T17:12:03.913507-05:00
