dependencies:
- name: elasticsearch
  repository: https://centerforopenscience.github.io/helm-charts/
  version: 0.5.2
- name: kibana
  repository: https://centerforopenscience.github.io/helm-charts/
  version: 0.2.1
digest: sha256:551c2a6460676985e82fd11e879748c95716de11b391c4834e33c68a3d872751
generated: 2022-12-26T13:54:20.84552-05:00
