dependencies:
- name: elasticsearch
  repository: https://centerforopenscience.github.io/helm-charts/
  version: 0.1.10
- name: kibana
  repository: https://centerforopenscience.github.io/helm-charts/
  version: 0.1.0
digest: sha256:5e2f10c4cb9a260b72db9efba1d00f6350ef3cfb231a69c29ee9ed2e9c33b91b
generated: 2020-09-28T13:44:25.979013-04:00
