dependencies:
- condition: ""
  enabled: false
  import-values: null
  name: rabbitmq
  repository: https://kubernetes-charts.storage.googleapis.com
  tags: null
  version: 0.5.1
digest: sha256:877b7b1634cf6589cce62bc8309566cbadfbe2b793c53d9e3b18d5c044b4baa4
generated: 2017-06-09T11:28:50.41802561-04:00
