dependencies:
- name: postgresql
  repository: https://centerforopenscience.github.io/helm-charts/
  version: 0.11.1
- name: redis
  repository: https://centerforopenscience.github.io/helm-charts/
  version: 1.1.3
digest: sha256:1b0eaf64ca9d033d26ee3acc4646c4d92e7f44026290479621cafe48f086b71b
generated: 2023-01-24T17:12:31.961801-05:00
