dependencies:
- name: postgresql
  repository: https://centerforopenscience.github.io/helm-charts/
  version: 0.11.0
- name: redis
  repository: https://centerforopenscience.github.io/helm-charts/
  version: 1.1.3
digest: sha256:138a31dcc5e799a0095c7e2a62139f440092da4eb31cbb954e88fb27cc6fb34c
generated: 2020-09-28T14:35:46.085454-04:00
