dependencies:
- name: elasticsearch
  repository: https://centerforopenscience.github.io/helm-charts/
  version: 0.5.3
- name: postgresql
  repository: https://centerforopenscience.github.io/helm-charts/
  version: 0.11.1
- name: rabbitmq
  repository: https://centerforopenscience.github.io/helm-charts/
  version: 6.9.1
digest: sha256:132d7b16cdef4c1c08b670ad6021bdef0dd5a52f8f16cd2ae65b42b884e563d3
generated: 2023-01-24T17:13:01.347186-05:00
