dependencies:
- name: elasticsearch
  repository: https://centerforopenscience.github.io/helm-charts/
  version: 0.5.2
- name: postgresql
  repository: https://centerforopenscience.github.io/helm-charts/
  version: 0.11.1
- name: rabbitmq
  repository: https://centerforopenscience.github.io/helm-charts/
  version: 6.9.1
digest: sha256:4b5c3ffd1d46a9a6b4c3a987b9973d5938099d0e1b392696046ea12301f7ac3c
generated: 2022-12-26T13:55:17.03633-05:00
