dependencies:
- name: maintenance
  repository: https://centerforopenscience.github.io/helm-charts/
  version: 0.2.0
- name: rabbitmq
  repository: https://centerforopenscience.github.io/helm-charts/
  version: 6.9.1
digest: sha256:643780ebc32233b9794515bc03f8e99bfb2dca7797a3003dfd29d23a8a9e61b2
generated: "2025-08-20T15:54:00.287611-04:00"
