dependencies:
- name: maintenance
  repository: https://centerforopenscience.github.io/helm-charts/
  version: 0.2.0
- name: rabbitmq
  repository: https://centerforopenscience.github.io/helm-charts/
  version: 6.9.1
digest: sha256:9d0f4f8030a219559b0f271bcc583a2f05df27161a811709424af109dbf2d182
generated: 2025-08-20T13:25:22.293549-04:00
