dependencies:
- name: postgresql
  repository: https://kubernetes-charts.storage.googleapis.com
  version: 0.8.1
- name: rabbitmq
  repository: https://kubernetes-charts.storage.googleapis.com
  version: 0.6.3
digest: sha256:f6d12cae3e04126fddaa060aa33497551f338de02b0a62b5d8155266b1d13ad7
generated: 2017-08-28T10:32:48.980007056-04:00
