dependencies:
- alias: ""
  condition: ""
  enabled: false
  import-values: null
  name: postgresql
  repository: https://kubernetes-charts.storage.googleapis.com
  tags: null
  version: 0.7.1
digest: sha256:09c7c0a918e4e21d82a21c693ec998a5f1681aedc7f9c94a2f329a08a999ada1
generated: 2017-07-14T12:16:32.421886265-04:00
