dependencies:
- name: elasticsearch
  repository: file://../elasticsearch
  version: 0.1.10
- name: postgresql
  repository: https://kubernetes-charts.storage.googleapis.com
  version: 0.8.1
- name: rabbitmq
  repository: https://kubernetes-charts.storage.googleapis.com
  version: 0.6.3
- name: prerender
  repository: file://../prerender
  version: 0.1.0
- name: osf-preprints
  repository: file://../osf-preprints
  version: 0.1.0
- name: osf-registries
  repository: file://../osf-registries
  version: 0.1.0
digest: sha256:c97edd5a4a8c47931be0bc2bd16e1605b43e59a52b10d2aacf6b1005ea740667
generated: 2017-09-10T22:23:40.765399921-04:00
