dependencies:
- name: webhook
  repository: https://centerforopenscience.github.io/helm-charts/
  version: v0.8.1
- name: cainjector
  repository: https://centerforopenscience.github.io/helm-charts/
  version: v0.8.1
digest: sha256:ae1d3a31fad5df1e2b28c742a2d74d1697b258ce699b52ffb326c66ebab5587e
generated: 2020-09-28T13:43:54.171241-04:00
