dependencies:
- name: webhook
  repository: https://centerforopenscience.github.io/helm-charts/
  version: v0.9.0
- name: cainjector
  repository: https://centerforopenscience.github.io/helm-charts/
  version: v0.9.0
digest: sha256:4f1ab724deab4d4166b2b0fc9fc73070fcfb24490f8c241bc9f5dca600a4f7b6
generated: 2020-09-28T14:34:17.55516-04:00
