dependencies:
- name: maintenance
  repository: https://centerforopenscience.github.io/helm-charts/
  version: 0.1.0
- name: postgresql
  repository: https://kubernetes-charts.storage.googleapis.com
  version: 0.7.1
digest: sha256:e22c717a293946013d77c9183dfe63bedb4c68b523e862d9404d3f7f270d8b15
generated: 2020-09-28T13:39:42.867505-04:00
