dependencies:
- name: maintenance
  repository: file://../maintenance
  version: 0.1.0
- name: postgresql
  repository: https://kubernetes-charts.storage.googleapis.com
  version: 0.7.1
digest: sha256:893befb7fe8d124c52014805472ac980117881e4a04c699f761f25fdcb7109a2
generated: 2017-11-29T20:12:28.007341-05:00
