dependencies:
- name: maintenance
  repository: https://centerforopenscience.github.io/helm-charts/
  version: 0.2.0
- name: postgresql
  repository: https://centerforopenscience.github.io/helm-charts/
  version: 0.11.0
digest: sha256:851c5d3867d932555a96f99e6dfccf92ee69281329967a7d2236b4ce9f144c0e
generated: 2020-09-28T14:34:07.156825-04:00
